// !$*UTF8*$!
{
	archiveVersion = 1;
	classes = {
	};
	objectVersion = 55;
	objects = {

/* Begin PBXBuildFile section */
		92703CCC2763371A005FF269 /* Tests_iOS.swift in Sources */ = {isa = PBXBuildFile; fileRef = 92703CCB2763371A005FF269 /* Tests_iOS.swift */; };
		92703CCE2763371A005FF269 /* Tests_iOSLaunchTests.swift in Sources */ = {isa = PBXBuildFile; fileRef = 92703CCD2763371A005FF269 /* Tests_iOSLaunchTests.swift */; };
		92703CD82763371A005FF269 /* Tests_macOS.swift in Sources */ = {isa = PBXBuildFile; fileRef = 92703CD72763371A005FF269 /* Tests_macOS.swift */; };
		92703CDA2763371A005FF269 /* Tests_macOSLaunchTests.swift in Sources */ = {isa = PBXBuildFile; fileRef = 92703CD92763371A005FF269 /* Tests_macOSLaunchTests.swift */; };
		92703CDB2763371A005FF269 /* sbsfilemanager.xcdatamodeld in Sources */ = {isa = PBXBuildFile; fileRef = 92703CB027633718005FF269 /* sbsfilemanager.xcdatamodeld */; };
		92703CDC2763371A005FF269 /* sbsfilemanager.xcdatamodeld in Sources */ = {isa = PBXBuildFile; fileRef = 92703CB027633718005FF269 /* sbsfilemanager.xcdatamodeld */; };
		92703CDD2763371A005FF269 /* sbsfilemanagerApp.swift in Sources */ = {isa = PBXBuildFile; fileRef = 92703CB227633718005FF269 /* sbsfilemanagerApp.swift */; };
		92703CDE2763371A005FF269 /* sbsfilemanagerApp.swift in Sources */ = {isa = PBXBuildFile; fileRef = 92703CB227633718005FF269 /* sbsfilemanagerApp.swift */; };
		92703CDF2763371A005FF269 /* ContentView.swift in Sources */ = {isa = PBXBuildFile; fileRef = 92703CB327633718005FF269 /* ContentView.swift */; };
		92703CE02763371A005FF269 /* ContentView.swift in Sources */ = {isa = PBXBuildFile; fileRef = 92703CB327633718005FF269 /* ContentView.swift */; };
		92703CE12763371A005FF269 /* Persistence.swift in Sources */ = {isa = PBXBuildFile; fileRef = 92703CB427633718005FF269 /* Persistence.swift */; };
		92703CE22763371A005FF269 /* Persistence.swift in Sources */ = {isa = PBXBuildFile; fileRef = 92703CB427633718005FF269 /* Persistence.swift */; };
		92703CE32763371A005FF269 /* Assets.xcassets in Resources */ = {isa = PBXBuildFile; fileRef = 92703CB52763371A005FF269 /* Assets.xcassets */; };
		92703CE42763371A005FF269 /* Assets.xcassets in Resources */ = {isa = PBXBuildFile; fileRef = 92703CB52763371A005FF269 /* Assets.xcassets */; };
/* End PBXBuildFile section */

/* Begin PBXContainerItemProxy section */
		92703CC82763371A005FF269 /* PBXContainerItemProxy */ = {
			isa = PBXContainerItemProxy;
			containerPortal = 92703CAB27633717005FF269 /* Project object */;
			proxyType = 1;
			remoteGlobalIDString = 92703CB92763371A005FF269;
			remoteInfo = "sbsfilemanager (iOS)";
		};
		92703CD42763371A005FF269 /* PBXContainerItemProxy */ = {
			isa = PBXContainerItemProxy;
			containerPortal = 92703CAB27633717005FF269 /* Project object */;
			proxyType = 1;
			remoteGlobalIDString = 92703CBF2763371A005FF269;
			remoteInfo = "sbsfilemanager (macOS)";
		};
/* End PBXContainerItemProxy section */

/* Begin PBXFileReference section */
		92703CB127633718005FF269 /* Shared.xcdatamodel */ = {isa = PBXFileReference; lastKnownFileType = wrapper.xcdatamodel; path = Shared.xcdatamodel; sourceTree = "<group>"; };
		92703CB227633718005FF269 /* sbsfilemanagerApp.swift */ = {isa = PBXFileReference; lastKnownFileType = sourcecode.swift; path = sbsfilemanagerApp.swift; sourceTree = "<group>"; };
		92703CB327633718005FF269 /* ContentView.swift */ = {isa = PBXFileReference; lastKnownFileType = sourcecode.swift; path = ContentView.swift; sourceTree = "<group>"; };
		92703CB427633718005FF269 /* Persistence.swift */ = {isa = PBXFileReference; lastKnownFileType = sourcecode.swift; path = Persistence.swift; sourceTree = "<group>"; };
		92703CB52763371A005FF269 /* Assets.xcassets */ = {isa = PBXFileReference; lastKnownFileType = folder.assetcatalog; path = Assets.xcassets; sourceTree = "<group>"; };
		92703CBA2763371A005FF269 /* sbsfilemanager.app */ = {isa = PBXFileReference; explicitFileType = wrapper.application; includeInIndex = 0; path = sbsfilemanager.app; sourceTree = BUILT_PRODUCTS_DIR; };
		92703CC02763371A005FF269 /* sbsfilemanager.app */ = {isa = PBXFileReference; explicitFileType = wrapper.application; includeInIndex = 0; path = sbsfilemanager.app; sourceTree = BUILT_PRODUCTS_DIR; };
		92703CC22763371A005FF269 /* macOS.entitlements */ = {isa = PBXFileReference; lastKnownFileType = text.plist.entitlements; path = macOS.entitlements; sourceTree = "<group>"; };
		92703CC72763371A005FF269 /* Tests iOS.xctest */ = {isa = PBXFileReference; explicitFileType = wrapper.cfbundle; includeInIndex = 0; path = "Tests iOS.xctest"; sourceTree = BUILT_PRODUCTS_DIR; };
		92703CCB2763371A005FF269 /* Tests_iOS.swift */ = {isa = PBXFileReference; lastKnownFileType = sourcecode.swift; path = Tests_iOS.swift; sourceTree = "<group>"; };
		92703CCD2763371A005FF269 /* Tests_iOSLaunchTests.swift */ = {isa = PBXFileReference; lastKnownFileType = sourcecode.swift; path = Tests_iOSLaunchTests.swift; sourceTree = "<group>"; };
		92703CD32763371A005FF269 /* Tests macOS.xctest */ = {isa = PBXFileReference; explicitFileType = wrapper.cfbundle; includeInIndex = 0; path = "Tests macOS.xctest"; sourceTree = BUILT_PRODUCTS_DIR; };
		92703CD72763371A005FF269 /* Tests_macOS.swift */ = {isa = PBXFileReference; lastKnownFileType = sourcecode.swift; path = Tests_macOS.swift; sourceTree = "<group>"; };
		92703CD92763371A005FF269 /* Tests_macOSLaunchTests.swift */ = {isa = PBXFileReference; lastKnownFileType = sourcecode.swift; path = Tests_macOSLaunchTests.swift; sourceTree = "<group>"; };
/* End PBXFileReference section */

/* Begin PBXFrameworksBuildPhase section */
		92703CB72763371A005FF269 /* Frameworks */ = {
			isa = PBXFrameworksBuildPhase;
			buildActionMask = 2147483647;
			files = (
			);
			runOnlyForDeploymentPostprocessing = 0;
		};
		92703CBD2763371A005FF269 /* Frameworks */ = {
			isa = PBXFrameworksBuildPhase;
			buildActionMask = 2147483647;
			files = (
			);
			runOnlyForDeploymentPostprocessing = 0;
		};
		92703CC42763371A005FF269 /* Frameworks */ = {
			isa = PBXFrameworksBuildPhase;
			buildActionMask = 2147483647;
			files = (
			);
			runOnlyForDeploymentPostprocessing = 0;
		};
		92703CD02763371A005FF269 /* Frameworks */ = {
			isa = PBXFrameworksBuildPhase;
			buildActionMask = 2147483647;
			files = (
			);
			runOnlyForDeploymentPostprocessing = 0;
		};
/* End PBXFrameworksBuildPhase section */

/* Begin PBXGroup section */
		92703CAA27633717005FF269 = {
			isa = PBXGroup;
			children = (
				92703CAF27633718005FF269 /* Shared */,
				92703CC12763371A005FF269 /* macOS */,
				92703CCA2763371A005FF269 /* Tests iOS */,
				92703CD62763371A005FF269 /* Tests macOS */,
				92703CBB2763371A005FF269 /* Products */,
			);
			sourceTree = "<group>";
		};
		92703CAF27633718005FF269 /* Shared */ = {
			isa = PBXGroup;
			children = (
				92703CB227633718005FF269 /* sbsfilemanagerApp.swift */,
				92703CB327633718005FF269 /* ContentView.swift */,
				92703CB427633718005FF269 /* Persistence.swift */,
				92703CB52763371A005FF269 /* Assets.xcassets */,
				92703CB027633718005FF269 /* sbsfilemanager.xcdatamodeld */,
			);
			path = Shared;
			sourceTree = "<group>";
		};
		92703CBB2763371A005FF269 /* Products */ = {
			isa = PBXGroup;
			children = (
				92703CBA2763371A005FF269 /* sbsfilemanager.app */,
				92703CC02763371A005FF269 /* sbsfilemanager.app */,
				92703CC72763371A005FF269 /* Tests iOS.xctest */,
				92703CD32763371A005FF269 /* Tests macOS.xctest */,
			);
			name = Products;
			sourceTree = "<group>";
		};
		92703CC12763371A005FF269 /* macOS */ = {
			isa = PBXGroup;
			children = (
				92703CC22763371A005FF269 /* macOS.entitlements */,
			);
			path = macOS;
			sourceTree = "<group>";
		};
		92703CCA2763371A005FF269 /* Tests iOS */ = {
			isa = PBXGroup;
			children = (
				92703CCB2763371A005FF269 /* Tests_iOS.swift */,
				92703CCD2763371A005FF269 /* Tests_iOSLaunchTests.swift */,
			);
			path = "Tests iOS";
			sourceTree = "<group>";
		};
		92703CD62763371A005FF269 /* Tests macOS */ = {
			isa = PBXGroup;
			children = (
				92703CD72763371A005FF269 /* Tests_macOS.swift */,
				92703CD92763371A005FF269 /* Tests_macOSLaunchTests.swift */,
			);
			path = "Tests macOS";
			sourceTree = "<group>";
		};
/* End PBXGroup section */

/* Begin PBXNativeTarget section */
		92703CB92763371A005FF269 /* sbsfilemanager (iOS) */ = {
			isa = PBXNativeTarget;
			buildConfigurationList = 92703CE72763371A005FF269 /* Build configuration list for PBXNativeTarget "sbsfilemanager (iOS)" */;
			buildPhases = (
				92703CB62763371A005FF269 /* Sources */,
				92703CB72763371A005FF269 /* Frameworks */,
				92703CB82763371A005FF269 /* Resources */,
			);
			buildRules = (
			);
			dependencies = (
			);
			name = "sbsfilemanager (iOS)";
			productName = "sbsfilemanager (iOS)";
			productReference = 92703CBA2763371A005FF269 /* sbsfilemanager.app */;
			productType = "com.apple.product-type.application";
		};
		92703CBF2763371A005FF269 /* sbsfilemanager (macOS) */ = {
			isa = PBXNativeTarget;
			buildConfigurationList = 92703CEA2763371A005FF269 /* Build configuration list for PBXNativeTarget "sbsfilemanager (macOS)" */;
			buildPhases = (
				92703CBC2763371A005FF269 /* Sources */,
				92703CBD2763371A005FF269 /* Frameworks */,
				92703CBE2763371A005FF269 /* Resources */,
			);
			buildRules = (
			);
			dependencies = (
			);
			name = "sbsfilemanager (macOS)";
			productName = "sbsfilemanager (macOS)";
			productReference = 92703CC02763371A005FF269 /* sbsfilemanager.app */;
			productType = "com.apple.product-type.application";
		};
		92703CC62763371A005FF269 /* Tests iOS */ = {
			isa = PBXNativeTarget;
			buildConfigurationList = 92703CED2763371A005FF269 /* Build configuration list for PBXNativeTarget "Tests iOS" */;
			buildPhases = (
				92703CC32763371A005FF269 /* Sources */,
				92703CC42763371A005FF269 /* Frameworks */,
				92703CC52763371A005FF269 /* Resources */,
			);
			buildRules = (
			);
			dependencies = (
				92703CC92763371A005FF269 /* PBXTargetDependency */,
			);
			name = "Tests iOS";
			productName = "Tests iOS";
			productReference = 92703CC72763371A005FF269 /* Tests iOS.xctest */;
			productType = "com.apple.product-type.bundle.ui-testing";
		};
		92703CD22763371A005FF269 /* Tests macOS */ = {
			isa = PBXNativeTarget;
			buildConfigurationList = 92703CF02763371A005FF269 /* Build configuration list for PBXNativeTarget "Tests macOS" */;
			buildPhases = (
				92703CCF2763371A005FF269 /* Sources */,
				92703CD02763371A005FF269 /* Frameworks */,
				92703CD12763371A005FF269 /* Resources */,
			);
			buildRules = (
			);
			dependencies = (
				92703CD52763371A005FF269 /* PBXTargetDependency */,
			);
			name = "Tests macOS";
			productName = "Tests macOS";
			productReference = 92703CD32763371A005FF269 /* Tests macOS.xctest */;
			productType = "com.apple.product-type.bundle.ui-testing";
		};
/* End PBXNativeTarget section */

/* Begin PBXProject section */
		92703CAB27633717005FF269 /* Project object */ = {
			isa = PBXProject;
			attributes = {
				BuildIndependentTargetsInParallel = 1;
				LastSwiftUpdateCheck = 1310;
				LastUpgradeCheck = 1310;
				TargetAttributes = {
					92703CB92763371A005FF269 = {
						CreatedOnToolsVersion = 13.1;
					};
					92703CBF2763371A005FF269 = {
						CreatedOnToolsVersion = 13.1;
					};
					92703CC62763371A005FF269 = {
						CreatedOnToolsVersion = 13.1;
						TestTargetID = 92703CB92763371A005FF269;
					};
					92703CD22763371A005FF269 = {
						CreatedOnToolsVersion = 13.1;
						TestTargetID = 92703CBF2763371A005FF269;
					};
				};
			};
			buildConfigurationList = 92703CAE27633717005FF269 /* Build configuration list for PBXProject "sbsfilemanager" */;
			compatibilityVersion = "Xcode 13.0";
			developmentRegion = en;
			hasScannedForEncodings = 0;
			knownRegions = (
				en,
				Base,
			);
			mainGroup = 92703CAA27633717005FF269;
			productRefGroup = 92703CBB2763371A005FF269 /* Products */;
			projectDirPath = "";
			projectRoot = "";
			targets = (
				92703CB92763371A005FF269 /* sbsfilemanager (iOS) */,
				92703CBF2763371A005FF269 /* sbsfilemanager (macOS) */,
				92703CC62763371A005FF269 /* Tests iOS */,
				92703CD22763371A005FF269 /* Tests macOS */,
			);
		};
/* End PBXProject section */

/* Begin PBXResourcesBuildPhase section */
		92703CB82763371A005FF269 /* Resources */ = {
			isa = PBXResourcesBuildPhase;
			buildActionMask = 2147483647;
			files = (
				92703CE32763371A005FF269 /* Assets.xcassets in Resources */,
			);
			runOnlyForDeploymentPostprocessing = 0;
		};
		92703CBE2763371A005FF269 /* Resources */ = {
			isa = PBXResourcesBuildPhase;
			buildActionMask = 2147483647;
			files = (
				92703CE42763371A005FF269 /* Assets.xcassets in Resources */,
			);
			runOnlyForDeploymentPostprocessing = 0;
		};
		92703CC52763371A005FF269 /* Resources */ = {
			isa = PBXResourcesBuildPhase;
			buildActionMask = 2147483647;
			files = (
			);
			runOnlyForDeploymentPostprocessing = 0;
		};
		92703CD12763371A005FF269 /* Resources */ = {
			isa = PBXResourcesBuildPhase;
			buildActionMask = 2147483647;
			files = (
			);
			runOnlyForDeploymentPostprocessing = 0;
		};
/* End PBXResourcesBuildPhase section */

/* Begin PBXSourcesBuildPhase section */
		92703CB62763371A005FF269 /* Sources */ = {
			isa = PBXSourcesBuildPhase;
			buildActionMask = 2147483647;
			files = (
				92703CDD2763371A005FF269 /* sbsfilemanagerApp.swift in Sources */,
				92703CE12763371A005FF269 /* Persistence.swift in Sources */,
				92703CDB2763371A005FF269 /* sbsfilemanager.xcdatamodeld in Sources */,
				92703CDF2763371A005FF269 /* ContentView.swift in Sources */,
			);
			runOnlyForDeploymentPostprocessing = 0;
		};
		92703CBC2763371A005FF269 /* Sources */ = {
			isa = PBXSourcesBuildPhase;
			buildActionMask = 2147483647;
			files = (
				92703CDE2763371A005FF269 /* sbsfilemanagerApp.swift in Sources */,
				92703CE22763371A005FF269 /* Persistence.swift in Sources */,
				92703CDC2763371A005FF269 /* sbsfilemanager.xcdatamodeld in Sources */,
				92703CE02763371A005FF269 /* ContentView.swift in Sources */,
			);
			runOnlyForDeploymentPostprocessing = 0;
		};
		92703CC32763371A005FF269 /* Sources */ = {
			isa = PBXSourcesBuildPhase;
			buildActionMask = 2147483647;
			files = (
				92703CCE2763371A005FF269 /* Tests_iOSLaunchTests.swift in Sources */,
				92703CCC2763371A005FF269 /* Tests_iOS.swift in Sources */,
			);
			runOnlyForDeploymentPostprocessing = 0;
		};
		92703CCF2763371A005FF269 /* Sources */ = {
			isa = PBXSourcesBuildPhase;
			buildActionMask = 2147483647;
			files = (
				92703CDA2763371A005FF269 /* Tests_macOSLaunchTests.swift in Sources */,
				92703CD82763371A005FF269 /* Tests_macOS.swift in Sources */,
			);
			runOnlyForDeploymentPostprocessing = 0;
		};
/* End PBXSourcesBuildPhase section */

/* Begin PBXTargetDependency section */
		92703CC92763371A005FF269 /* PBXTargetDependency */ = {
			isa = PBXTargetDependency;
			target = 92703CB92763371A005FF269 /* sbsfilemanager (iOS) */;
			targetProxy = 92703CC82763371A005FF269 /* PBXContainerItemProxy */;
		};
		92703CD52763371A005FF269 /* PBXTargetDependency */ = {
			isa = PBXTargetDependency;
			target = 92703CBF2763371A005FF269 /* sbsfilemanager (macOS) */;
			targetProxy = 92703CD42763371A005FF269 /* PBXContainerItemProxy */;
		};
/* End PBXTargetDependency section */

/* Begin XCBuildConfiguration section */
		92703CE52763371A005FF269 /* Debug */ = {
			isa = XCBuildConfiguration;
			buildSettings = {
				ALWAYS_SEARCH_USER_PATHS = NO;
				CLANG_ANALYZER_NONNULL = YES;
				CLANG_ANALYZER_NUMBER_OBJECT_CONVERSION = YES_AGGRESSIVE;
				CLANG_CXX_LANGUAGE_STANDARD = "gnu++17";
				CLANG_CXX_LIBRARY = "libc++";
				CLANG_ENABLE_MODULES = YES;
				CLANG_ENABLE_OBJC_ARC = YES;
				CLANG_ENABLE_OBJC_WEAK = YES;
				CLANG_WARN_BLOCK_CAPTURE_AUTORELEASING = YES;
				CLANG_WARN_BOOL_CONVERSION = YES;
				CLANG_WARN_COMMA = YES;
				CLANG_WARN_CONSTANT_CONVERSION = YES;
				CLANG_WARN_DEPRECATED_OBJC_IMPLEMENTATIONS = YES;
				CLANG_WARN_DIRECT_OBJC_ISA_USAGE = YES_ERROR;
				CLANG_WARN_DOCUMENTATION_COMMENTS = YES;
				CLANG_WARN_EMPTY_BODY = YES;
				CLANG_WARN_ENUM_CONVERSION = YES;
				CLANG_WARN_INFINITE_RECURSION = YES;
				CLANG_WARN_INT_CONVERSION = YES;
				CLANG_WARN_NON_LITERAL_NULL_CONVERSION = YES;
				CLANG_WARN_OBJC_IMPLICIT_RETAIN_SELF = YES;
				CLANG_WARN_OBJC_LITERAL_CONVERSION = YES;
				CLANG_WARN_OBJC_ROOT_CLASS = YES_ERROR;
				CLANG_WARN_QUOTED_INCLUDE_IN_FRAMEWORK_HEADER = YES;
				CLANG_WARN_RANGE_LOOP_ANALYSIS = YES;
				CLANG_WARN_STRICT_PROTOTYPES = YES;
				CLANG_WARN_SUSPICIOUS_MOVE = YES;
				CLANG_WARN_UNGUARDED_AVAILABILITY = YES_AGGRESSIVE;
				CLANG_WARN_UNREACHABLE_CODE = YES;
				CLANG_WARN__DUPLICATE_METHOD_MATCH = YES;
				COPY_PHASE_STRIP = NO;
				DEBUG_INFORMATION_FORMAT = dwarf;
				ENABLE_STRICT_OBJC_MSGSEND = YES;
				ENABLE_TESTABILITY = YES;
				GCC_C_LANGUAGE_STANDARD = gnu11;
				GCC_DYNAMIC_NO_PIC = NO;
				GCC_NO_COMMON_BLOCKS = YES;
				GCC_OPTIMIZATION_LEVEL = 0;
				GCC_PREPROCESSOR_DEFINITIONS = (
					"DEBUG=1",
					"$(inherited)",
				);
				GCC_WARN_64_TO_32_BIT_CONVERSION = YES;
				GCC_WARN_ABOUT_RETURN_TYPE = YES_ERROR;
				GCC_WARN_UNDECLARED_SELECTOR = YES;
				GCC_WARN_UNINITIALIZED_AUTOS = YES_AGGRESSIVE;
				GCC_WARN_UNUSED_FUNCTION = YES;
				GCC_WARN_UNUSED_VARIABLE = YES;
				MTL_ENABLE_DEBUG_INFO = INCLUDE_SOURCE;
				MTL_FAST_MATH = YES;
				ONLY_ACTIVE_ARCH = YES;
				SWIFT_ACTIVE_COMPILATION_CONDITIONS = DEBUG;
				SWIFT_OPTIMIZATION_LEVEL = "-Onone";
			};
			name = Debug;
		};
		92703CE62763371A005FF269 /* Release */ = {
			isa = XCBuildConfiguration;
			buildSettings = {
				ALWAYS_SEARCH_USER_PATHS = NO;
				CLANG_ANALYZER_NONNULL = YES;
				CLANG_ANALYZER_NUMBER_OBJECT_CONVERSION = YES_AGGRESSIVE;
				CLANG_CXX_LANGUAGE_STANDARD = "gnu++17";
				CLANG_CXX_LIBRARY = "libc++";
				CLANG_ENABLE_MODULES = YES;
				CLANG_ENABLE_OBJC_ARC = YES;
				CLANG_ENABLE_OBJC_WEAK = YES;
				CLANG_WARN_BLOCK_CAPTURE_AUTORELEASING = YES;
				CLANG_WARN_BOOL_CONVERSION = YES;
				CLANG_WARN_COMMA = YES;
				CLANG_WARN_CONSTANT_CONVERSION = YES;
				CLANG_WARN_DEPRECATED_OBJC_IMPLEMENTATIONS = YES;
				CLANG_WARN_DIRECT_OBJC_ISA_USAGE = YES_ERROR;
				CLANG_WARN_DOCUMENTATION_COMMENTS = YES;
				CLANG_WARN_EMPTY_BODY = YES;
				CLANG_WARN_ENUM_CONVERSION = YES;
				CLANG_WARN_INFINITE_RECURSION = YES;
				CLANG_WARN_INT_CONVERSION = YES;
				CLANG_WARN_NON_LITERAL_NULL_CONVERSION = YES;
				CLANG_WARN_OBJC_IMPLICIT_RETAIN_SELF = YES;
				CLANG_WARN_OBJC_LITERAL_CONVERSION = YES;
				CLANG_WARN_OBJC_ROOT_CLASS = YES_ERROR;
				CLANG_WARN_QUOTED_INCLUDE_IN_FRAMEWORK_HEADER = YES;
				CLANG_WARN_RANGE_LOOP_ANALYSIS = YES;
				CLANG_WARN_STRICT_PROTOTYPES = YES;
				CLANG_WARN_SUSPICIOUS_MOVE = YES;
				CLANG_WARN_UNGUARDED_AVAILABILITY = YES_AGGRESSIVE;
				CLANG_WARN_UNREACHABLE_CODE = YES;
				CLANG_WARN__DUPLICATE_METHOD_MATCH = YES;
				COPY_PHASE_STRIP = NO;
				DEBUG_INFORMATION_FORMAT = "dwarf-with-dsym";
				ENABLE_NS_ASSERTIONS = NO;
				ENABLE_STRICT_OBJC_MSGSEND = YES;
				GCC_C_LANGUAGE_STANDARD = gnu11;
				GCC_NO_COMMON_BLOCKS = YES;
				GCC_WARN_64_TO_32_BIT_CONVERSION = YES;
				GCC_WARN_ABOUT_RETURN_TYPE = YES_ERROR;
				GCC_WARN_UNDECLARED_SELECTOR = YES;
				GCC_WARN_UNINITIALIZED_AUTOS = YES_AGGRESSIVE;
				GCC_WARN_UNUSED_FUNCTION = YES;
				GCC_WARN_UNUSED_VARIABLE = YES;
				MTL_ENABLE_DEBUG_INFO = NO;
				MTL_FAST_MATH = YES;
				SWIFT_COMPILATION_MODE = wholemodule;
				SWIFT_OPTIMIZATION_LEVEL = "-O";
			};
			name = Release;
		};
		92703CE82763371A005FF269 /* Debug */ = {
			isa = XCBuildConfiguration;
			buildSettings = {
				ASSETCATALOG_COMPILER_APPICON_NAME = AppIcon;
				ASSETCATALOG_COMPILER_GLOBAL_ACCENT_COLOR_NAME = AccentColor;
				CODE_SIGN_STYLE = Automatic;
				CURRENT_PROJECT_VERSION = 1;
				ENABLE_PREVIEWS = YES;
				GENERATE_INFOPLIST_FILE = YES;
				INFOPLIST_KEY_UIApplicationSceneManifest_Generation = YES;
				INFOPLIST_KEY_UIApplicationSupportsIndirectInputEvents = YES;
				INFOPLIST_KEY_UILaunchScreen_Generation = YES;
				INFOPLIST_KEY_UISupportedInterfaceOrientations_iPad = "UIInterfaceOrientationPortrait UIInterfaceOrientationPortraitUpsideDown UIInterfaceOrientationLandscapeLeft UIInterfaceOrientationLandscapeRight";
				INFOPLIST_KEY_UISupportedInterfaceOrientations_iPhone = "UIInterfaceOrientationPortrait UIInterfaceOrientationLandscapeLeft UIInterfaceOrientationLandscapeRight";
				IPHONEOS_DEPLOYMENT_TARGET = 15.0;
				LD_RUNPATH_SEARCH_PATHS = (
					"$(inherited)",
					"@executable_path/Frameworks",
				);
				MARKETING_VERSION = 1.0;
				PRODUCT_BUNDLE_IDENTIFIER = SBS.sbsfilemanager;
				PRODUCT_NAME = sbsfilemanager;
				SDKROOT = iphoneos;
				SWIFT_EMIT_LOC_STRINGS = YES;
				SWIFT_VERSION = 5.0;
				TARGETED_DEVICE_FAMILY = "1,2";
			};
			name = Debug;
		};
		92703CE92763371A005FF269 /* Release */ = {
			isa = XCBuildConfiguration;
			buildSettings = {
				ASSETCATALOG_COMPILER_APPICON_NAME = AppIcon;
				ASSETCATALOG_COMPILER_GLOBAL_ACCENT_COLOR_NAME = AccentColor;
				CODE_SIGN_STYLE = Automatic;
				CURRENT_PROJECT_VERSION = 1;
				ENABLE_PREVIEWS = YES;
				GENERATE_INFOPLIST_FILE = YES;
				INFOPLIST_KEY_UIApplicationSceneManifest_Generation = YES;
				INFOPLIST_KEY_UIApplicationSupportsIndirectInputEvents = YES;
				INFOPLIST_KEY_UILaunchScreen_Generation = YES;
				INFOPLIST_KEY_UISupportedInterfaceOrientations_iPad = "UIInterfaceOrientationPortrait UIInterfaceOrientationPortraitUpsideDown UIInterfaceOrientationLandscapeLeft UIInterfaceOrientationLandscapeRight";
				INFOPLIST_KEY_UISupportedInterfaceOrientations_iPhone = "UIInterfaceOrientationPortrait UIInterfaceOrientationLandscapeLeft UIInterfaceOrientationLandscapeRight";
				IPHONEOS_DEPLOYMENT_TARGET = 15.0;
				LD_RUNPATH_SEARCH_PATHS = (
					"$(inherited)",
					"@executable_path/Frameworks",
				);
				MARKETING_VERSION = 1.0;
				PRODUCT_BUNDLE_IDENTIFIER = SBS.sbsfilemanager;
				PRODUCT_NAME = sbsfilemanager;
				SDKROOT = iphoneos;
				SWIFT_EMIT_LOC_STRINGS = YES;
				SWIFT_VERSION = 5.0;
				TARGETED_DEVICE_FAMILY = "1,2";
				VALIDATE_PRODUCT = YES;
			};
			name = Release;
		};
		92703CEB2763371A005FF269 /* Debug */ = {
			isa = XCBuildConfiguration;
			buildSettings = {
				ASSETCATALOG_COMPILER_APPICON_NAME = AppIcon;
				ASSETCATALOG_COMPILER_GLOBAL_ACCENT_COLOR_NAME = AccentColor;
				CODE_SIGN_ENTITLEMENTS = macOS/macOS.entitlements;
				CODE_SIGN_STYLE = Automatic;
				COMBINE_HIDPI_IMAGES = YES;
				CURRENT_PROJECT_VERSION = 1;
				ENABLE_PREVIEWS = YES;
				GENERATE_INFOPLIST_FILE = YES;
				INFOPLIST_KEY_NSHumanReadableCopyright = "";
				LD_RUNPATH_SEARCH_PATHS = (
					"$(inherited)",
					"@executable_path/../Frameworks",
				);
				MACOSX_DEPLOYMENT_TARGET = 12.0;
				MARKETING_VERSION = 1.0;
				PRODUCT_BUNDLE_IDENTIFIER = SBS.sbsfilemanager;
				PRODUCT_NAME = sbsfilemanager;
				SDKROOT = macosx;
				SWIFT_EMIT_LOC_STRINGS = YES;
				SWIFT_VERSION = 5.0;
			};
			name = Debug;
		};
		92703CEC2763371A005FF269 /* Release */ = {
			isa = XCBuildConfiguration;
			buildSettings = {
				ASSETCATALOG_COMPILER_APPICON_NAME = AppIcon;
				ASSETCATALOG_COMPILER_GLOBAL_ACCENT_COLOR_NAME = AccentColor;
				CODE_SIGN_ENTITLEMENTS = macOS/macOS.entitlements;
				CODE_SIGN_STYLE = Automatic;
				COMBINE_HIDPI_IMAGES = YES;
				CURRENT_PROJECT_VERSION = 1;
				ENABLE_PREVIEWS = YES;
				GENERATE_INFOPLIST_FILE = YES;
				INFOPLIST_KEY_NSHumanReadableCopyright = "";
				LD_RUNPATH_SEARCH_PATHS = (
					"$(inherited)",
					"@executable_path/../Frameworks",
				);
				MACOSX_DEPLOYMENT_TARGET = 12.0;
				MARKETING_VERSION = 1.0;
				PRODUCT_BUNDLE_IDENTIFIER = SBS.sbsfilemanager;
				PRODUCT_NAME = sbsfilemanager;
				SDKROOT = macosx;
				SWIFT_EMIT_LOC_STRINGS = YES;
				SWIFT_VERSION = 5.0;
			};
			name = Release;
		};
		92703CEE2763371A005FF269 /* Debug */ = {
			isa = XCBuildConfiguration;
			buildSettings = {
				ALWAYS_EMBED_SWIFT_STANDARD_LIBRARIES = YES;
				CODE_SIGN_STYLE = Automatic;
				CURRENT_PROJECT_VERSION = 1;
				GENERATE_INFOPLIST_FILE = YES;
				IPHONEOS_DEPLOYMENT_TARGET = 15.0;
				LD_RUNPATH_SEARCH_PATHS = (
					"$(inherited)",
					"@executable_path/Frameworks",
					"@loader_path/Frameworks",
				);
				MARKETING_VERSION = 1.0;
				PRODUCT_BUNDLE_IDENTIFIER = "SBS.Tests-iOS";
				PRODUCT_NAME = "$(TARGET_NAME)";
				SDKROOT = iphoneos;
				SWIFT_EMIT_LOC_STRINGS = NO;
				SWIFT_VERSION = 5.0;
				TARGETED_DEVICE_FAMILY = "1,2";
				TEST_TARGET_NAME = "sbsfilemanager (iOS)";
			};
			name = Debug;
		};
		92703CEF2763371A005FF269 /* Release */ = {
			isa = XCBuildConfiguration;
			buildSettings = {
				ALWAYS_EMBED_SWIFT_STANDARD_LIBRARIES = YES;
				CODE_SIGN_STYLE = Automatic;
				CURRENT_PROJECT_VERSION = 1;
				GENERATE_INFOPLIST_FILE = YES;
				IPHONEOS_DEPLOYMENT_TARGET = 15.0;
				LD_RUNPATH_SEARCH_PATHS = (
					"$(inherited)",
					"@executable_path/Frameworks",
					"@loader_path/Frameworks",
				);
				MARKETING_VERSION = 1.0;
				PRODUCT_BUNDLE_IDENTIFIER = "SBS.Tests-iOS";
				PRODUCT_NAME = "$(TARGET_NAME)";
				SDKROOT = iphoneos;
				SWIFT_EMIT_LOC_STRINGS = NO;
				SWIFT_VERSION = 5.0;
				TARGETED_DEVICE_FAMILY = "1,2";
				TEST_TARGET_NAME = "sbsfilemanager (iOS)";
				VALIDATE_PRODUCT = YES;
			};
			name = Release;
		};
		92703CF12763371A005FF269 /* Debug */ = {
			isa = XCBuildConfiguration;
			buildSettings = {
				ALWAYS_EMBED_SWIFT_STANDARD_LIBRARIES = YES;
				CODE_SIGN_STYLE = Automatic;
				COMBINE_HIDPI_IMAGES = YES;
				CURRENT_PROJECT_VERSION = 1;
				GENERATE_INFOPLIST_FILE = YES;
				LD_RUNPATH_SEARCH_PATHS = (
					"$(inherited)",
					"@executable_path/../Frameworks",
					"@loader_path/../Frameworks",
				);
				MACOSX_DEPLOYMENT_TARGET = 12.0;
				MARKETING_VERSION = 1.0;
				PRODUCT_BUNDLE_IDENTIFIER = "SBS.Tests-macOS";
				PRODUCT_NAME = "$(TARGET_NAME)";
				SDKROOT = macosx;
				SWIFT_EMIT_LOC_STRINGS = NO;
				SWIFT_VERSION = 5.0;
				TEST_TARGET_NAME = "sbsfilemanager (macOS)";
			};
			name = Debug;
		};
		92703CF22763371A005FF269 /* Release */ = {
			isa = XCBuildConfiguration;
			buildSettings = {
				ALWAYS_EMBED_SWIFT_STANDARD_LIBRARIES = YES;
				CODE_SIGN_STYLE = Automatic;
				COMBINE_HIDPI_IMAGES = YES;
				CURRENT_PROJECT_VERSION = 1;
				GENERATE_INFOPLIST_FILE = YES;
				LD_RUNPATH_SEARCH_PATHS = (
					"$(inherited)",
					"@executable_path/../Frameworks",
					"@loader_path/../Frameworks",
				);
				MACOSX_DEPLOYMENT_TARGET = 12.0;
				MARKETING_VERSION = 1.0;
				PRODUCT_BUNDLE_IDENTIFIER = "SBS.Tests-macOS";
				PRODUCT_NAME = "$(TARGET_NAME)";
				SDKROOT = macosx;
				SWIFT_EMIT_LOC_STRINGS = NO;
				SWIFT_VERSION = 5.0;
				TEST_TARGET_NAME = "sbsfilemanager (macOS)";
			};
			name = Release;
		};
/* End XCBuildConfiguration section */

/* Begin XCConfigurationList section */
		92703CAE27633717005FF269 /* Build configuration list for PBXProject "sbsfilemanager" */ = {
			isa = XCConfigurationList;
			buildConfigurations = (
				92703CE52763371A005FF269 /* Debug */,
				92703CE62763371A005FF269 /* Release */,
			);
			defaultConfigurationIsVisible = 0;
			defaultConfigurationName = Release;
		};
		92703CE72763371A005FF269 /* Build configuration list for PBXNativeTarget "sbsfilemanager (iOS)" */ = {
			isa = XCConfigurationList;
			buildConfigurations = (
				92703CE82763371A005FF269 /* Debug */,
				92703CE92763371A005FF269 /* Release */,
			);
			defaultConfigurationIsVisible = 0;
			defaultConfigurationName = Release;
		};
		92703CEA2763371A005FF269 /* Build configuration list for PBXNativeTarget "sbsfilemanager (macOS)" */ = {
			isa = XCConfigurationList;
			buildConfigurations = (
				92703CEB2763371A005FF269 /* Debug */,
				92703CEC2763371A005FF269 /* Release */,
			);
			defaultConfigurationIsVisible = 0;
			defaultConfigurationName = Release;
		};
		92703CED2763371A005FF269 /* Build configuration list for PBXNativeTarget "Tests iOS" */ = {
			isa = XCConfigurationList;
			buildConfigurations = (
				92703CEE2763371A005FF269 /* Debug */,
				92703CEF2763371A005FF269 /* Release */,
			);
			defaultConfigurationIsVisible = 0;
			defaultConfigurationName = Release;
		};
		92703CF02763371A005FF269 /* Build configuration list for PBXNativeTarget "Tests macOS" */ = {
			isa = XCConfigurationList;
			buildConfigurations = (
				92703CF12763371A005FF269 /* Debug */,
				92703CF22763371A005FF269 /* Release */,
			);
			defaultConfigurationIsVisible = 0;
			defaultConfigurationName = Release;
		};
/* End XCConfigurationList section */

/* Begin XCVersionGroup section */
		92703CB027633718005FF269 /* sbsfilemanager.xcdatamodeld */ = {
			isa = XCVersionGroup;
			children = (
				92703CB127633718005FF269 /* Shared.xcdatamodel */,
			);
			currentVersion = 92703CB127633718005FF269 /* Shared.xcdatamodel */;
			path = sbsfilemanager.xcdatamodeld;
			sourceTree = "<group>";
			versionGroupType = wrapper.xcdatamodel;
		};
/* End XCVersionGroup section */
	};
	rootObject = 92703CAB27633717005FF269 /* Project object */;
}
